
Microsoft Visual Studio Solution File, Format Version 12.00
# Visual Studio Version 17
VisualStudioVersion = 17.14.36401.2 d17.14
MinimumVisualStudioVersion = 10.0.40219.1
Project("{FAE04EC0-301F-11D3-BF4B-00C04F79EFBC}") = "WebApplication1", "WebApplication1.csproj", "{0F40CBFD-7583-46D0-B520-0ECA46F49628}"
EndProject
Global
	GlobalSection(SolutionConfigurationPlatforms) = preSolution
		Debug|Any CPU = Debug|Any CPU
		Release|Any CPU = Release|Any CPU
	EndGlobalSection
	GlobalSection(ProjectConfigurationPlatforms) = postSolution
		{0F40CBFD-7583-46D0-B520-0ECA46F49628}.Debug|Any CPU.ActiveCfg = Debug|Any CPU
		{0F40CBFD-7583-46D0-B520-0ECA46F49628}.Debug|Any CPU.Build.0 = Debug|Any CPU
		{0F40CBFD-7583-46D0-B520-0ECA46F49628}.Release|Any CPU.ActiveCfg = Release|Any CPU
		{0F40CBFD-7583-46D0-B520-0ECA46F49628}.Release|Any CPU.Build.0 = Release|Any CPU
	EndGlobalSection
	GlobalSection(SolutionProperties) = preSolution
		HideSolutionNode = FALSE
	EndGlobalSection
	GlobalSection(ExtensibilityGlobals) = postSolution
		SolutionGuid = {959E3C76-F07E-4D15-AA51-9FBB5A7232C3}
	EndGlobalSection
EndGlobal
